
Microsoft Visual Studio Solution File, Format Version 12.00
# Visual Studio Version 17
VisualStudioVersion = 17.4.33110.190
MinimumVisualStudioVersion = 10.0.40219.1
Project("{9A19103F-16F7-4668-BE54-9A1E7A4F7556}") = "AcademicPageDotNet", "AcademicPageDotNet\AcademicPageDotNet.csproj", "{C366D85B-ED18-4C70-990C-EFD9CACD5F64}"
EndProject
Global
	GlobalSection(SolutionConfigurationPlatforms) = preSolution
		Debug|Any CPU = Debug|Any CPU
		Release|Any CPU = Release|Any CPU
	EndGlobalSection
	GlobalSection(ProjectConfigurationPlatforms) = postSolution
		{C366D85B-ED18-4C70-990C-EFD9CACD5F64}.Debug|Any CPU.ActiveCfg = Debug|Any CPU
		{C366D85B-ED18-4C70-990C-EFD9CACD5F64}.Debug|Any CPU.Build.0 = Debug|Any CPU
		{C366D85B-ED18-4C70-990C-EFD9CACD5F64}.Release|Any CPU.ActiveCfg = Release|Any CPU
		{C366D85B-ED18-4C70-990C-EFD9CACD5F64}.Release|Any CPU.Build.0 = Release|Any CPU
	EndGlobalSection
	GlobalSection(SolutionProperties) = preSolution
		HideSolutionNode = FALSE
	EndGlobalSection
	GlobalSection(ExtensibilityGlobals) = postSolution
		SolutionGuid = {4CC78EC1-AEFA-4E69-83EF-5006A96F48A0}
	EndGlobalSection
EndGlobal
